<?xml version="1.0" encoding="utf-8"?>
<Project ToolsVersion="4.0" xmlns="http://schemas.microsoft.com/developer/msbuild/2003">
  <ItemGroup>
    <Filter Include="Header Files">
      <UniqueIdentifier>{e44d40ff-16a2-4528-9ac7-7f04db5dcf37}</UniqueIdentifier>
    </Filter>
    <Filter Include="Source Files">
      <UniqueIdentifier>{19357ee4-9498-483a-8337-5bf93600eabd}</UniqueIdentifier>
    </Filter>
    <Filter Include="TwinCAT RT Files">
      <UniqueIdentifier>{1d224a5f-7e76-48cb-83e2-8bb8e0442ff0}</UniqueIdentifier>
    </Filter>
    <Filter Include="TwinCAT OS Files">
      <UniqueIdentifier>{d03371f3-c3bf-4a88-b945-56ece34601c3}</UniqueIdentifier>
    </Filter>
    <Filter Include="TMC Files">
      <UniqueIdentifier>{7b253cbb-d446-458a-b05e-8b68629bffd1}</UniqueIdentifier>
    </Filter>
  </ItemGroup>
  <ItemGroup>
    <ClInclude Include="TcPch.h">
      <Filter>Header Files</Filter>
    </ClInclude>
    <ClInclude Include="FirstStepsClassFactory.h">
      <Filter>Header Files</Filter>
    </ClInclude>
    <ClInclude Include="FirstStepsInterfaces.h">
      <Filter>Header Files</Filter>
    </ClInclude>
    <ClInclude Include="FirstStepsServices.h">
      <Filter>Header Files</Filter>
    </ClInclude>
    <ClInclude Include="FirstStepsDriver.h">
      <Filter>TwinCAT RT Files</Filter>
    </ClInclude>
    <ClInclude Include="FirstStepsVisionModule.h">
      <Filter>Header Files</Filter>
    </ClInclude>
  </ItemGroup>
  <ItemGroup>
    <ClCompile Include="TcPch.cpp">
      <Filter>Source Files</Filter>
    </ClCompile>
    <ClCompile Include="FirstStepsClassFactory.cpp">
      <Filter>Source Files</Filter>
    </ClCompile>
    <ClCompile Include="FirstStepsDriver.cpp">
      <Filter>TwinCAT RT Files</Filter>
    </ClCompile>
    <ClCompile Include="FirstStepsMain.cpp">
      <Filter>TwinCAT OS Files</Filter>
    </ClCompile>
    <ClCompile Include="FirstStepsVisionModule.cpp">
      <Filter>Source Files</Filter>
    </ClCompile>
  </ItemGroup>
  <ItemGroup>
    <ResourceCompile Include="FirstSteps.rc">
      <Filter>Source Files</Filter>
    </ResourceCompile>
  </ItemGroup>
  <ItemGroup>
    <None Include="FirstSteps.tmc">
      <Filter>TMC Files</Filter>
    </None>
  </ItemGroup>
</Project>